
Microsoft Visual Studio Solution File, Format Version 12.00
# Visual Studio Version 17
VisualStudioVersion = 17.14.36511.14 d17.14
MinimumVisualStudioVersion = 10.0.40219.1
Project("{FAE04EC0-301F-11D3-BF4B-00C04F79EFBC}") = "praktik5.1_rizka_xpplg1", "praktik5.1_rizka_xpplg1\praktik5.1_rizka_xpplg1.csproj", "{73DA22B0-732B-48E2-831E-84FAF259F20F}"
EndProject
Global
	GlobalSection(SolutionConfigurationPlatforms) = preSolution
		Debug|Any CPU = Debug|Any CPU
		Release|Any CPU = Release|Any CPU
	EndGlobalSection
	GlobalSection(ProjectConfigurationPlatforms) = postSolution
		{73DA22B0-732B-48E2-831E-84FAF259F20F}.Debug|Any CPU.ActiveCfg = Debug|Any CPU
		{73DA22B0-732B-48E2-831E-84FAF259F20F}.Debug|Any CPU.Build.0 = Debug|Any CPU
		{73DA22B0-732B-48E2-831E-84FAF259F20F}.Release|Any CPU.ActiveCfg = Release|Any CPU
		{73DA22B0-732B-48E2-831E-84FAF259F20F}.Release|Any CPU.Build.0 = Release|Any CPU
	EndGlobalSection
	GlobalSection(SolutionProperties) = preSolution
		HideSolutionNode = FALSE
	EndGlobalSection
	GlobalSection(ExtensibilityGlobals) = postSolution
		SolutionGuid = {9854639A-37A3-406E-80FE-59C6BCC1DE18}
	EndGlobalSection
EndGlobal
