
Microsoft Visual Studio Solution File, Format Version 12.00
# Visual Studio Version 17
VisualStudioVersion = 17.14.36511.14 d17.14
MinimumVisualStudioVersion = 10.0.40219.1
Project("{FAE04EC0-301F-11D3-BF4B-00C04F79EFBC}") = "praktik4.11_rizka_xpplg1", "praktik4.11_rizka_xpplg1\praktik4.11_rizka_xpplg1.csproj", "{17060362-B841-47F7-9295-76A1E26205DB}"
EndProject
Global
	GlobalSection(SolutionConfigurationPlatforms) = preSolution
		Debug|Any CPU = Debug|Any CPU
		Release|Any CPU = Release|Any CPU
	EndGlobalSection
	GlobalSection(ProjectConfigurationPlatforms) = postSolution
		{17060362-B841-47F7-9295-76A1E26205DB}.Debug|Any CPU.ActiveCfg = Debug|Any CPU
		{17060362-B841-47F7-9295-76A1E26205DB}.Debug|Any CPU.Build.0 = Debug|Any CPU
		{17060362-B841-47F7-9295-76A1E26205DB}.Release|Any CPU.ActiveCfg = Release|Any CPU
		{17060362-B841-47F7-9295-76A1E26205DB}.Release|Any CPU.Build.0 = Release|Any CPU
	EndGlobalSection
	GlobalSection(SolutionProperties) = preSolution
		HideSolutionNode = FALSE
	EndGlobalSection
	GlobalSection(ExtensibilityGlobals) = postSolution
		SolutionGuid = {580E8113-FD3D-41BF-8500-1C50C7688096}
	EndGlobalSection
EndGlobal
