
Microsoft Visual Studio Solution File, Format Version 12.00
# Visual Studio Version 17
VisualStudioVersion = 17.14.36511.14 d17.14
MinimumVisualStudioVersion = 10.0.40219.1
Project("{FAE04EC0-301F-11D3-BF4B-00C04F79EFBC}") = "praktik5.5_rizka_xpplg1", "praktik5.5_rizka_xpplg1\praktik5.5_rizka_xpplg1.csproj", "{E4102554-8CA0-4DFC-A7C3-43416357B732}"
EndProject
Global
	GlobalSection(SolutionConfigurationPlatforms) = preSolution
		Debug|Any CPU = Debug|Any CPU
		Release|Any CPU = Release|Any CPU
	EndGlobalSection
	GlobalSection(ProjectConfigurationPlatforms) = postSolution
		{E4102554-8CA0-4DFC-A7C3-43416357B732}.Debug|Any CPU.ActiveCfg = Debug|Any CPU
		{E4102554-8CA0-4DFC-A7C3-43416357B732}.Debug|Any CPU.Build.0 = Debug|Any CPU
		{E4102554-8CA0-4DFC-A7C3-43416357B732}.Release|Any CPU.ActiveCfg = Release|Any CPU
		{E4102554-8CA0-4DFC-A7C3-43416357B732}.Release|Any CPU.Build.0 = Release|Any CPU
	EndGlobalSection
	GlobalSection(SolutionProperties) = preSolution
		HideSolutionNode = FALSE
	EndGlobalSection
	GlobalSection(ExtensibilityGlobals) = postSolution
		SolutionGuid = {FA135D63-53F7-411F-B0FD-07A7DECC8BFB}
	EndGlobalSection
EndGlobal
