
Microsoft Visual Studio Solution File, Format Version 12.00
# Visual Studio Version 17
VisualStudioVersion = 17.14.36511.14 d17.14
MinimumVisualStudioVersion = 10.0.40219.1
Project("{FAE04EC0-301F-11D3-BF4B-00C04F79EFBC}") = "praktik4.8_rizka_xpplg1", "praktik4.8_rizka_xpplg1\praktik4.8_rizka_xpplg1.csproj", "{2B47C253-7F69-4412-809C-76AF7372202D}"
EndProject
Global
	GlobalSection(SolutionConfigurationPlatforms) = preSolution
		Debug|Any CPU = Debug|Any CPU
		Release|Any CPU = Release|Any CPU
	EndGlobalSection
	GlobalSection(ProjectConfigurationPlatforms) = postSolution
		{2B47C253-7F69-4412-809C-76AF7372202D}.Debug|Any CPU.ActiveCfg = Debug|Any CPU
		{2B47C253-7F69-4412-809C-76AF7372202D}.Debug|Any CPU.Build.0 = Debug|Any CPU
		{2B47C253-7F69-4412-809C-76AF7372202D}.Release|Any CPU.ActiveCfg = Release|Any CPU
		{2B47C253-7F69-4412-809C-76AF7372202D}.Release|Any CPU.Build.0 = Release|Any CPU
	EndGlobalSection
	GlobalSection(SolutionProperties) = preSolution
		HideSolutionNode = FALSE
	EndGlobalSection
	GlobalSection(ExtensibilityGlobals) = postSolution
		SolutionGuid = {230E5B47-703D-4F76-975A-9725D5125EAE}
	EndGlobalSection
EndGlobal
